
Microsoft Visual Studio Solution File, Format Version 12.00
# Visual Studio 2012
Project("{8BC9CEB8-8B4A-11D0-8D11-00A0C91BC942}") = "htf2json", "htf2json\htf2json.vcxproj", "{14E2DEDE-7D64-42D3-9D16-6C1493ECFB97}"
EndProject
Global
	GlobalSection(SolutionConfigurationPlatforms) = preSolution
		Debug|Win32 = Debug|Win32
		Release|Win32 = Release|Win32
	EndGlobalSection
	GlobalSection(ProjectConfigurationPlatforms) = postSolution
		{14E2DEDE-7D64-42D3-9D16-6C1493ECFB97}.Debug|Win32.ActiveCfg = Debug|Win32
		{14E2DEDE-7D64-42D3-9D16-6C1493ECFB97}.Debug|Win32.Build.0 = Debug|Win32
		{14E2DEDE-7D64-42D3-9D16-6C1493ECFB97}.Release|Win32.ActiveCfg = Release|Win32
		{14E2DEDE-7D64-42D3-9D16-6C1493ECFB97}.Release|Win32.Build.0 = Release|Win32
	EndGlobalSection
	GlobalSection(SolutionProperties) = preSolution
		HideSolutionNode = FALSE
	EndGlobalSection
EndGlobal
